PODS:
  - Masonry (1.1.0)
  - SnapKit (5.6.0)

DEPENDENCIES:
  - Masonry
  - SnapKit

SPEC REPOS:
  https://github.com/CocoaPods/Specs.git:
    - Masonry
    - SnapKit

SPEC CHECKSUMS:
  Masonry: 678fab65091a9290e40e2832a55e7ab731aad201
  SnapKit: e01d52ebb8ddbc333eefe2132acf85c8227d9c25

PODFILE CHECKSUM: ddf928c92bc480a9e0c42e5eee8f44ee373d8acd

COCOAPODS: 1.11.3
